// !$*UTF8*$!
{
	archiveVersion = 1;
	classes = {
	};
	objectVersion = 46;
	objects = {

/* Begin PBXBuildFile section */
		18046AAD1E88AF1C00B24D48 /* AppDelegate.swift in Sources */ = {isa = PBXBuildFile; fileRef = 18046AAC1E88AF1C00B24D48 /* AppDelegate.swift */; };
		18046AAF1E88AF1C00B24D48 /* ViewController.swift in Sources */ = {isa = PBXBuildFile; fileRef = 18046AAE1E88AF1C00B24D48 /* ViewController.swift */; };
		18046AB21E88AF1C00B24D48 /* Main.storyboard in Resources */ = {isa = PBXBuildFile; fileRef = 18046AB01E88AF1C00B24D48 /* Main.storyboard */; };
		18046AB41E88AF1C00B24D48 /* Assets.xcassets in Resources */ = {isa = PBXBuildFile; fileRef = 18046AB31E88AF1C00B24D48 /* Assets.xcassets */; };
		18046AB71E88AF1C00B24D48 /* LaunchScreen.storyboard in Resources */ = {isa = PBXBuildFile; fileRef = 18046AB51E88AF1C00B24D48 /* LaunchScreen.storyboard */; };
/* End PBXBuildFile section */

/* Begin PBXFileReference section */
		18046AA91E88AF1C00B24D48 /* hello-world.app */ = {isa = PBXFileReference; explicitFileType = wrapper.application; includeInIndex = 0; path = "hello-world.app"; sourceTree = BUILT_PRODUCTS_DIR; };
		18046AAC1E88AF1C00B24D48 /* AppDelegate.swift */ = {isa = PBXFileReference; lastKnownFileType = sourcecode.swift; path = AppDelegate.swift; sourceTree = "<group>"; };
		18046AAE1E88AF1C00B24D48 /* ViewController.swift */ = {isa = PBXFileReference; lastKnownFileType = sourcecode.swift; path = ViewController.swift; sourceTree = "<group>"; };
		18046AB11E88AF1C00B24D48 /* Base */ = {isa = PBXFileReference; lastKnownFileType = file.storyboard; name = Base; path = Base.lproj/Main.storyboard; sourceTree = "<group>"; };
		18046AB31E88AF1C00B24D48 /* Assets.xcassets */ = {isa = PBXFileReference; lastKnownFileType = folder.assetcatalog; path = Assets.xcassets; sourceTree = "<group>"; };
		18046AB61E88AF1C00B24D48 /* Base */ = {isa = PBXFileReference; lastKnownFileType = file.storyboard; name = Base; path = Base.lproj/LaunchScreen.storyboard; sourceTree = "<group>"; };
		18046AB81E88AF1C00B24D48 /* Info.plist */ = {isa = PBXFileReference; lastKnownFileType = text.plist.xml; path = Info.plist; sourceTree = "<group>"; };
/* End PBXFileReference section */

/* Begin PBXFrameworksBuildPhase section */
		18046AA61E88AF1C00B24D48 /* Frameworks */ = {
			isa = PBXFrameworksBuildPhase;
			buildActionMask = 2147483647;
			files = (
			);
			runOnlyForDeploymentPostprocessing = 0;
		};
/* End PBXFrameworksBuildPhase section */

/* Begin PBXGroup section */
		18046AA01E88AF1B00B24D48 = {
			isa = PBXGroup;
			children = (
				18046AAB1E88AF1C00B24D48 /* hello-world */,
				18046AAA1E88AF1C00B24D48 /* Products */,
			);
			sourceTree = "<group>";
		};
		18046AAA1E88AF1C00B24D48 /* Products */ = {
			isa = PBXGroup;
			children = (
				18046AA91E88AF1C00B24D48 /* hello-world.app */,
			);
			name = Products;
			sourceTree = "<group>";
		};
		18046AAB1E88AF1C00B24D48 /* hello-world */ = {
			isa = PBXGroup;
			children = (
				18046AAC1E88AF1C00B24D48 /* AppDelegate.swift */,
				18046AAE1E88AF1C00B24D48 /* ViewController.swift */,
				18046AB01E88AF1C00B24D48 /* Main.storyboard */,
				18046AB31E88AF1C00B24D48 /* Assets.xcassets */,
				18046AB51E88AF1C00B24D48 /* LaunchScreen.storyboard */,
				18046AB81E88AF1C00B24D48 /* Info.plist */,
			);
			path = "hello-world";
			sourceTree = "<group>";
		};
/* End PBXGroup section */

/* Begin PBXNativeTarget section */
		18046AA81E88AF1C00B24D48 /* hello-world */ = {
			isa = PBXNativeTarget;
			buildConfigurationList = 18046ABB1E88AF1C00B24D48 /* Build configuration list for PBXNativeTarget "hello-world" */;
			buildPhases = (
				18046AA51E88AF1C00B24D48 /* Sources */,
				18046AA61E88AF1C00B24D48 /* Frameworks */,
				18046AA71E88AF1C00B24D48 /* Resources */,
			);
			buildRules = (
			);
			dependencies = (
			);
			name = "hello-world";
			productName = "hello-world";
			productReference = 18046AA91E88AF1C00B24D48 /* hello-world.app */;
			productType = "com.apple.product-type.application";
		};
/* End PBXNativeTarget section */

/* Begin PBXProject section */
		18046AA11E88AF1B00B24D48 /* Project object */ = {
			isa = PBXProject;
			attributes = {
				LastSwiftUpdateCheck = 0820;
				LastUpgradeCheck = 0820;
				ORGANIZATIONNAME = ovfun;
				TargetAttributes = {
					18046AA81E88AF1C00B24D48 = {
						CreatedOnToolsVersion = 8.2.1;
						DevelopmentTeam = 3JC5559JR3;
						ProvisioningStyle = Automatic;
					};
				};
			};
			buildConfigurationList = 18046AA41E88AF1B00B24D48 /* Build configuration list for PBXProject "hello-world" */;
			compatibilityVersion = "Xcode 3.2";
			developmentRegion = English;
			hasScannedForEncodings = 0;
			knownRegions = (
				en,
				Base,
			);
			mainGroup = 18046AA01E88AF1B00B24D48;
			productRefGroup = 18046AAA1E88AF1C00B24D48 /* Products */;
			projectDirPath = "";
			projectRoot = "";
			targets = (
				18046AA81E88AF1C00B24D48 /* hello-world */,
			);
		};
/* End PBXProject section */

/* Begin PBXResourcesBuildPhase section */
		18046AA71E88AF1C00B24D48 /* Resources */ = {
			isa = PBXResourcesBuildPhase;
			buildActionMask = 2147483647;
			files = (
				18046AB71E88AF1C00B24D48 /* LaunchScreen.storyboard in Resources */,
				18046AB41E88AF1C00B24D48 /* Assets.xcassets in Resources */,
				18046AB21E88AF1C00B24D48 /* Main.storyboard in Resources */,
			);
			runOnlyForDeploymentPostprocessing = 0;
		};
/* End PBXResourcesBuildPhase section */

/* Begin PBXSourcesBuildPhase section */
		18046AA51E88AF1C00B24D48 /* Sources */ = {
			isa = PBXSourcesBuildPhase;
			buildActionMask = 2147483647;
			files = (
				18046AAF1E88AF1C00B24D48 /* ViewController.swift in Sources */,
				18046AAD1E88AF1C00B24D48 /* AppDelegate.swift in Sources */,
			);
			runOnlyForDeploymentPostprocessing = 0;
		};
/* End PBXSourcesBuildPhase section */

/* Begin PBXVariantGroup section */
		18046AB01E88AF1C00B24D48 /* Main.storyboard */ = {
			isa = PBXVariantGroup;
			children = (
				18046AB11E88AF1C00B24D48 /* Base */,
			);
			name = Main.storyboard;
			sourceTree = "<group>";
		};
		18046AB51E88AF1C00B24D48 /* LaunchScreen.storyboard */ = {
			isa = PBXVariantGroup;
			children = (
				18046AB61E88AF1C00B24D48 /* Base */,
			);
			name = LaunchScreen.storyboard;
			sourceTree = "<group>";
		};
/* End PBXVariantGroup section */

/* Begin XCBuildConfiguration section */
		18046AB91E88AF1C00B24D48 /* Debug */ = {
			isa = XCBuildConfiguration;
			buildSettings = {
				ALWAYS_SEARCH_USER_PATHS = NO;
				CLANG_ANALYZER_NONNULL = YES;
				CLANG_CXX_LANGUAGE_STANDARD = "gnu++0x";
				CLANG_CXX_LIBRARY = "libc++";
				CLANG_ENABLE_MODULES = YES;
				CLANG_ENABLE_OBJC_ARC = YES;
				CLANG_WARN_BOOL_CONVERSION = YES;
				CLANG_WARN_CONSTANT_CONVERSION = YES;
				CLANG_WARN_DIRECT_OBJC_ISA_USAGE = YES_ERROR;
				CLANG_WARN_DOCUMENTATION_COMMENTS = YES;
				CLANG_WARN_EMPTY_BODY = YES;
				CLANG_WARN_ENUM_CONVERSION = YES;
				CLANG_WARN_INFINITE_RECURSION = YES;
				CLANG_WARN_INT_CONVERSION = YES;
				CLANG_WARN_OBJC_ROOT_CLASS = YES_ERROR;
				CLANG_WARN_SUSPICIOUS_MOVE = YES;
				CLANG_WARN_UNREACHABLE_CODE = YES;
				CLANG_WARN__DUPLICATE_METHOD_MATCH = YES;
				"CODE_SIGN_IDENTITY[sdk=iphoneos*]" = "iPhone Developer";
				COPY_PHASE_STRIP = NO;
				DEBUG_INFORMATION_FORMAT = dwarf;
				ENABLE_STRICT_OBJC_MSGSEND = YES;
				ENABLE_TESTABILITY = YES;
				GCC_C_LANGUAGE_STANDARD = gnu99;
				GCC_DYNAMIC_NO_PIC = NO;
				GCC_NO_COMMON_BLOCKS = YES;
				GCC_OPTIMIZATION_LEVEL = 0;
				GCC_PREPROCESSOR_DEFINITIONS = (
					"DEBUG=1",
					"$(inherited)",
				);
				GCC_WARN_64_TO_32_BIT_CONVERSION = YES;
				GCC_WARN_ABOUT_RETURN_TYPE = YES_ERROR;
				GCC_WARN_UNDECLARED_SELECTOR = YES;
				GCC_WARN_UNINITIALIZED_AUTOS = YES_AGGRESSIVE;
				GCC_WARN_UNUSED_FUNCTION = YES;
				GCC_WARN_UNUSED_VARIABLE = YES;
				IPHONEOS_DEPLOYMENT_TARGET = 10.2;
				MTL_ENABLE_DEBUG_INFO = YES;
				ONLY_ACTIVE_ARCH = YES;
				SDKROOT = iphoneos;
				SWIFT_ACTIVE_COMPILATION_CONDITIONS = DEBUG;
				SWIFT_OPTIMIZATION_LEVEL = "-Onone";
			};
			name = Debug;
		};
		18046ABA1E88AF1C00B24D48 /* Release */ = {
			isa = XCBuildConfiguration;
			buildSettings = {
				ALWAYS_SEARCH_USER_PATHS = NO;
				CLANG_ANALYZER_NONNULL = YES;
				CLANG_CXX_LANGUAGE_STANDARD = "gnu++0x";
				CLANG_CXX_LIBRARY = "libc++";
				CLANG_ENABLE_MODULES = YES;
				CLANG_ENABLE_OBJC_ARC = YES;
				CLANG_WARN_BOOL_CONVERSION = YES;
				CLANG_WARN_CONSTANT_CONVERSION = YES;
				CLANG_WARN_DIRECT_OBJC_ISA_USAGE = YES_ERROR;
				CLANG_WARN_DOCUMENTATION_COMMENTS = YES;
				CLANG_WARN_EMPTY_BODY = YES;
				CLANG_WARN_ENUM_CONVERSION = YES;
				CLANG_WARN_INFINITE_RECURSION = YES;
				CLANG_WARN_INT_CONVERSION = YES;
				CLANG_WARN_OBJC_ROOT_CLASS = YES_ERROR;
				CLANG_WARN_SUSPICIOUS_MOVE = YES;
				CLANG_WARN_UNREACHABLE_CODE = YES;
				CLANG_WARN__DUPLICATE_METHOD_MATCH = YES;
				"CODE_SIGN_IDENTITY[sdk=iphoneos*]" = "iPhone Developer";
				COPY_PHASE_STRIP = NO;
				DEBUG_INFORMATION_FORMAT = "dwarf-with-dsym";
				ENABLE_NS_ASSERTIONS = NO;
				ENABLE_STRICT_OBJC_MSGSEND = YES;
				GCC_C_LANGUAGE_STANDARD = gnu99;
				GCC_NO_COMMON_BLOCKS = YES;
				GCC_WARN_64_TO_32_BIT_CONVERSION = YES;
				GCC_WARN_ABOUT_RETURN_TYPE = YES_ERROR;
				GCC_WARN_UNDECLARED_SELECTOR = YES;
				GCC_WARN_UNINITIALIZED_AUTOS = YES_AGGRESSIVE;
				GCC_WARN_UNUSED_FUNCTION = YES;
				GCC_WARN_UNUSED_VARIABLE = YES;
				IPHONEOS_DEPLOYMENT_TARGET = 10.2;
				MTL_ENABLE_DEBUG_INFO = NO;
				SDKROOT = iphoneos;
				SWIFT_OPTIMIZATION_LEVEL = "-Owholemodule";
				VALIDATE_PRODUCT = YES;
			};
			name = Release;
		};
		18046ABC1E88AF1C00B24D48 /* Debug */ = {
			isa = XCBuildConfiguration;
			buildSettings = {
				ASSETCATALOG_COMPILER_APPICON_NAME = AppIcon;
				DEVELOPMENT_TEAM = 3JC5559JR3;
				INFOPLIST_FILE = "hello-world/Info.plist";
				LD_RUNPATH_SEARCH_PATHS = "$(inherited) @executable_path/Frameworks";
				PRODUCT_BUNDLE_IDENTIFIER = "com.ovfun.hello-world";
				PRODUCT_NAME = "$(TARGET_NAME)";
				SWIFT_VERSION = 3.0;
			};
			name = Debug;
		};
		18046ABD1E88AF1C00B24D48 /* Release */ = {
			isa = XCBuildConfiguration;
			buildSettings = {
				ASSETCATALOG_COMPILER_APPICON_NAME = AppIcon;
				DEVELOPMENT_TEAM = 3JC5559JR3;
				INFOPLIST_FILE = "hello-world/Info.plist";
				LD_RUNPATH_SEARCH_PATHS = "$(inherited) @executable_path/Frameworks";
				PRODUCT_BUNDLE_IDENTIFIER = "com.ovfun.hello-world";
				PRODUCT_NAME = "$(TARGET_NAME)";
				SWIFT_VERSION = 3.0;
			};
			name = Release;
		};
/* End XCBuildConfiguration section */

/* Begin XCConfigurationList section */
		18046AA41E88AF1B00B24D48 /* Build configuration list for PBXProject "hello-world" */ = {
			isa = XCConfigurationList;
			buildConfigurations = (
				18046AB91E88AF1C00B24D48 /* Debug */,
				18046ABA1E88AF1C00B24D48 /* Release */,
			);
			defaultConfigurationIsVisible = 0;
			defaultConfigurationName = Release;
		};
		18046ABB1E88AF1C00B24D48 /* Build configuration list for PBXNativeTarget "hello-world" */ = {
			isa = XCConfigurationList;
			buildConfigurations = (
				18046ABC1E88AF1C00B24D48 /* Debug */,
				18046ABD1E88AF1C00B24D48 /* Release */,
			);
			defaultConfigurationIsVisible = 0;
		};
/* End XCConfigurationList section */
	};
	rootObject = 18046AA11E88AF1B00B24D48 /* Project object */;
}
